
Microsoft Visual Studio Solution File, Format Version 12.00
# Visual Studio 15
VisualStudioVersion = 15.0.27703.2035
MinimumVisualStudioVersion = 10.0.40219.1
Project("{FAE04EC0-301F-11D3-BF4B-00C04F79EFBC}") = "Training.Webdriver", "Training.Webdriver\Training.Webdriver.csproj", "{C527763A-584C-4317-B4E9-7264B6239015}"
EndProject
Global
	GlobalSection(SolutionConfigurationPlatforms) = preSolution
		Debug|Any CPU = Debug|Any CPU
		Release|Any CPU = Release|Any CPU
	EndGlobalSection
	GlobalSection(ProjectConfigurationPlatforms) = postSolution
		{C527763A-584C-4317-B4E9-7264B6239015}.Debug|Any CPU.ActiveCfg = Debug|Any CPU
		{C527763A-584C-4317-B4E9-7264B6239015}.Debug|Any CPU.Build.0 = Debug|Any CPU
		{C527763A-584C-4317-B4E9-7264B6239015}.Release|Any CPU.ActiveCfg = Release|Any CPU
		{C527763A-584C-4317-B4E9-7264B6239015}.Release|Any CPU.Build.0 = Release|Any CPU
	EndGlobalSection
	GlobalSection(SolutionProperties) = preSolution
		HideSolutionNode = FALSE
	EndGlobalSection
	GlobalSection(ExtensibilityGlobals) = postSolution
		SolutionGuid = {4D6AA4DF-199F-44DC-BF73-CF7414468DEE}
	EndGlobalSection
EndGlobal
